
Microsoft Visual Studio Solution File, Format Version 12.00
# Visual Studio Version 17
VisualStudioVersion = 17.10.35201.131
MinimumVisualStudioVersion = 10.0.40219.1
Project("{2150E333-8FDC-42A3-9474-1A3956D46DE8}") = "src", "src", "{36EC4734-2BE4-487A-88D7-FD73C0D5DB33}"
EndProject
Project("{2150E333-8FDC-42A3-9474-1A3956D46DE8}") = "01-Domain", "01-Domain", "{7CB8D536-D61F-43F3-AFF3-B625E763ED3C}"
EndProject
Project("{2150E333-8FDC-42A3-9474-1A3956D46DE8}") = "02-Infrastructures", "02-Infrastructures", "{EC0898FA-372F-4054-B656-B9261176BB7A}"
EndProject
Project("{2150E333-8FDC-42A3-9474-1A3956D46DE8}") = "03-EndPoints", "03-EndPoints", "{F5ED3B73-F672-4068-953A-6245B01074C2}"
EndProject
Project("{2150E333-8FDC-42A3-9474-1A3956D46DE8}") = "Core", "Core", "{53825CE9-9335-4C2C-944B-097EA0187C67}"
EndProject
Project("{2150E333-8FDC-42A3-9474-1A3956D46DE8}") = "Services", "Services", "{D961DC00-5DEA-4012-9CF5-9BFD5210431A}"
EndProject
Project("{2150E333-8FDC-42A3-9474-1A3956D46DE8}") = "DataAccess", "DataAccess", "{256ED4AE-7974-4A47-A117-776586CA90B6}"
EndProject
Project("{2150E333-8FDC-42A3-9474-1A3956D46DE8}") = "Db", "Db", "{AEB6920B-ABF6-4E3B-90B0-AE2CFB3DA0E7}"
EndProject
Project("{FAE04EC0-301F-11D3-BF4B-00C04F79EFBC}") = "MemoryService", "MemoryService\MemoryService.csproj", "{55444484-3FAD-4BD2-BB8D-E1C0D62ADB13}"
EndProject
Project("{FAE04EC0-301F-11D3-BF4B-00C04F79EFBC}") = "App.Domain.Core", "App.Domain.Core\App.Domain.Core.csproj", "{68925659-A479-480A-8D3F-59C8B6372403}"
EndProject
Project("{FAE04EC0-301F-11D3-BF4B-00C04F79EFBC}") = "App.Domain.AppServices", "App.Domain.AppServices\App.Domain.AppServices.csproj", "{5D92848D-9FD0-4BE7-B0AD-305C8ED1E97B}"
EndProject
Project("{FAE04EC0-301F-11D3-BF4B-00C04F79EFBC}") = "App.Domain.Services", "App.Domain.Services\App.Domain.Services.csproj", "{26FC83B6-2241-482B-9D8D-327F152087FA}"
EndProject
Project("{FAE04EC0-301F-11D3-BF4B-00C04F79EFBC}") = "App.Infra.Data.Repos.Ef", "App.Infra.Data.Repos.Ef\App.Infra.Data.Repos.Ef.csproj", "{D5EF8417-FE31-4EC8-8C02-7FBFD1F9974C}"
EndProject
Project("{FAE04EC0-301F-11D3-BF4B-00C04F79EFBC}") = "App.Infra.Data.Db.SqlServer.Ef", "App.Infra.Data.Db.SqlServer.Ef\App.Infra.Data.Db.SqlServer.Ef.csproj", "{73BB1035-76A1-4C92-8147-13BC20189955}"
EndProject
Global
	GlobalSection(SolutionConfigurationPlatforms) = preSolution
		Debug|Any CPU = Debug|Any CPU
		Release|Any CPU = Release|Any CPU
	EndGlobalSection
	GlobalSection(ProjectConfigurationPlatforms) = postSolution
		{55444484-3FAD-4BD2-BB8D-E1C0D62ADB13}.Debug|Any CPU.ActiveCfg = Debug|Any CPU
		{55444484-3FAD-4BD2-BB8D-E1C0D62ADB13}.Debug|Any CPU.Build.0 = Debug|Any CPU
		{55444484-3FAD-4BD2-BB8D-E1C0D62ADB13}.Release|Any CPU.ActiveCfg = Release|Any CPU
		{55444484-3FAD-4BD2-BB8D-E1C0D62ADB13}.Release|Any CPU.Build.0 = Release|Any CPU
		{68925659-A479-480A-8D3F-59C8B6372403}.Debug|Any CPU.ActiveCfg = Debug|Any CPU
		{68925659-A479-480A-8D3F-59C8B6372403}.Debug|Any CPU.Build.0 = Debug|Any CPU
		{68925659-A479-480A-8D3F-59C8B6372403}.Release|Any CPU.ActiveCfg = Release|Any CPU
		{68925659-A479-480A-8D3F-59C8B6372403}.Release|Any CPU.Build.0 = Release|Any CPU
		{5D92848D-9FD0-4BE7-B0AD-305C8ED1E97B}.Debug|Any CPU.ActiveCfg = Debug|Any CPU
		{5D92848D-9FD0-4BE7-B0AD-305C8ED1E97B}.Debug|Any CPU.Build.0 = Debug|Any CPU
		{5D92848D-9FD0-4BE7-B0AD-305C8ED1E97B}.Release|Any CPU.ActiveCfg = Release|Any CPU
		{5D92848D-9FD0-4BE7-B0AD-305C8ED1E97B}.Release|Any CPU.Build.0 = Release|Any CPU
		{26FC83B6-2241-482B-9D8D-327F152087FA}.Debug|Any CPU.ActiveCfg = Debug|Any CPU
		{26FC83B6-2241-482B-9D8D-327F152087FA}.Debug|Any CPU.Build.0 = Debug|Any CPU
		{26FC83B6-2241-482B-9D8D-327F152087FA}.Release|Any CPU.ActiveCfg = Release|Any CPU
		{26FC83B6-2241-482B-9D8D-327F152087FA}.Release|Any CPU.Build.0 = Release|Any CPU
		{D5EF8417-FE31-4EC8-8C02-7FBFD1F9974C}.Debug|Any CPU.ActiveCfg = Debug|Any CPU
		{D5EF8417-FE31-4EC8-8C02-7FBFD1F9974C}.Debug|Any CPU.Build.0 = Debug|Any CPU
		{D5EF8417-FE31-4EC8-8C02-7FBFD1F9974C}.Release|Any CPU.ActiveCfg = Release|Any CPU
		{D5EF8417-FE31-4EC8-8C02-7FBFD1F9974C}.Release|Any CPU.Build.0 = Release|Any CPU
		{73BB1035-76A1-4C92-8147-13BC20189955}.Debug|Any CPU.ActiveCfg = Debug|Any CPU
		{73BB1035-76A1-4C92-8147-13BC20189955}.Debug|Any CPU.Build.0 = Debug|Any CPU
		{73BB1035-76A1-4C92-8147-13BC20189955}.Release|Any CPU.ActiveCfg = Release|Any CPU
		{73BB1035-76A1-4C92-8147-13BC20189955}.Release|Any CPU.Build.0 = Release|Any CPU
	EndGlobalSection
	GlobalSection(SolutionProperties) = preSolution
		HideSolutionNode = FALSE
	EndGlobalSection
	GlobalSection(NestedProjects) = preSolution
		{7CB8D536-D61F-43F3-AFF3-B625E763ED3C} = {36EC4734-2BE4-487A-88D7-FD73C0D5DB33}
		{EC0898FA-372F-4054-B656-B9261176BB7A} = {36EC4734-2BE4-487A-88D7-FD73C0D5DB33}
		{F5ED3B73-F672-4068-953A-6245B01074C2} = {36EC4734-2BE4-487A-88D7-FD73C0D5DB33}
		{53825CE9-9335-4C2C-944B-097EA0187C67} = {7CB8D536-D61F-43F3-AFF3-B625E763ED3C}
		{D961DC00-5DEA-4012-9CF5-9BFD5210431A} = {7CB8D536-D61F-43F3-AFF3-B625E763ED3C}
		{256ED4AE-7974-4A47-A117-776586CA90B6} = {EC0898FA-372F-4054-B656-B9261176BB7A}
		{AEB6920B-ABF6-4E3B-90B0-AE2CFB3DA0E7} = {EC0898FA-372F-4054-B656-B9261176BB7A}
		{55444484-3FAD-4BD2-BB8D-E1C0D62ADB13} = {F5ED3B73-F672-4068-953A-6245B01074C2}
		{68925659-A479-480A-8D3F-59C8B6372403} = {53825CE9-9335-4C2C-944B-097EA0187C67}
		{5D92848D-9FD0-4BE7-B0AD-305C8ED1E97B} = {D961DC00-5DEA-4012-9CF5-9BFD5210431A}
		{26FC83B6-2241-482B-9D8D-327F152087FA} = {D961DC00-5DEA-4012-9CF5-9BFD5210431A}
		{D5EF8417-FE31-4EC8-8C02-7FBFD1F9974C} = {256ED4AE-7974-4A47-A117-776586CA90B6}
		{73BB1035-76A1-4C92-8147-13BC20189955} = {AEB6920B-ABF6-4E3B-90B0-AE2CFB3DA0E7}
	EndGlobalSection
	GlobalSection(ExtensibilityGlobals) = postSolution
		SolutionGuid = {148E2373-4B18-4C58-9EA7-6B4074E59319}
	EndGlobalSection
EndGlobal
